github.com/go-erasure/mojette v0.1.0 h1:sVi8KjrMJPZz+Myr+UmU1hAq0ctm073pzZTgjlmOLPU=
github.com/go-erasure/mojette v0.1.0/go.mod h1:lHlNqXsqtjVQeGVn56co4jGCddTbnFfyHuXDgpNpbz8=
github.com/go-erasure/reedsolomon v0.1.0 h1:Am/4oo3A67ZXnoP7UuPGY4XFAfFzVpu8jv/3/24vXmE=
github.com/go-erasure/reedsolomon v0.1.0/go.mod h1:qlHa49M0PJMk0JGBGYLyr2Gf8XVmbK+L/iThyhRJbp0=
